
Microsoft Visual Studio Solution File, Format Version 12.00
# Visual Studio Version 17
VisualStudioVersion = 17.8.34408.163
MinimumVisualStudioVersion = 10.0.40219.1
Project("{FAE04EC0-301F-11D3-BF4B-00C04F79EFBC}") = "zadacha 16.02", "zadacha 16.02\zadacha 16.02.csproj", "{C9399508-61D4-4AD0-936E-DEA23376D3BC}"
EndProject
Global
	GlobalSection(SolutionConfigurationPlatforms) = preSolution
		Debug|Any CPU = Debug|Any CPU
		Release|Any CPU = Release|Any CPU
	EndGlobalSection
	GlobalSection(ProjectConfigurationPlatforms) = postSolution
		{C9399508-61D4-4AD0-936E-DEA23376D3BC}.Debug|Any CPU.ActiveCfg = Debug|Any CPU
		{C9399508-61D4-4AD0-936E-DEA23376D3BC}.Debug|Any CPU.Build.0 = Debug|Any CPU
		{C9399508-61D4-4AD0-936E-DEA23376D3BC}.Release|Any CPU.ActiveCfg = Release|Any CPU
		{C9399508-61D4-4AD0-936E-DEA23376D3BC}.Release|Any CPU.Build.0 = Release|Any CPU
	EndGlobalSection
	GlobalSection(SolutionProperties) = preSolution
		HideSolutionNode = FALSE
	EndGlobalSection
	GlobalSection(ExtensibilityGlobals) = postSolution
		SolutionGuid = {98C27521-1E5D-47CE-B843-46EEED0FAD12}
	EndGlobalSection
EndGlobal
